
Microsoft Visual Studio Solution File, Format Version 11.00
# Visual Studio 2010
Project("{FAE04EC0-301F-11D3-BF4B-00C04F79EFBC}") = "deCasteljauAlgorithm", "deCasteljauAlgorithm\deCasteljauAlgorithm.csproj", "{7265EA71-0871-4299-A164-55CB14A623E1}"
EndProject
Project("{FAE04EC0-301F-11D3-BF4B-00C04F79EFBC}") = "DeCasteljauAlgorithmAdapter", "deCasteljauAlgorithmAdapter\DeCasteljauAlgorithmAdapter.csproj", "{1DA64C9D-368B-41DB-A971-73E28FBE6138}"
EndProject
Project("{2150E333-8FDC-42A3-9474-1A3956D46DE8}") = "Solution Items", "Solution Items", "{7C97B2CD-7F27-4B9F-858C-7E6FF17C68AD}"
	ProjectSection(SolutionItems) = preProject
		deCasteljauAlgorithm.vsmdi = deCasteljauAlgorithm.vsmdi
		Local.testsettings = Local.testsettings
		TraceAndTestImpact.testsettings = TraceAndTestImpact.testsettings
	EndProjectSection
EndProject
Global
	GlobalSection(TestCaseManagementSettings) = postSolution
		CategoryFile = deCasteljauAlgorithm.vsmdi
	EndGlobalSection
	GlobalSection(SolutionConfigurationPlatforms) = preSolution
		Debug|Any CPU = Debug|Any CPU
		Debug|Mixed Platforms = Debug|Mixed Platforms
		Debug|x86 = Debug|x86
		Release|Any CPU = Release|Any CPU
		Release|Mixed Platforms = Release|Mixed Platforms
		Release|x86 = Release|x86
	EndGlobalSection
	GlobalSection(ProjectConfigurationPlatforms) = postSolution
		{7265EA71-0871-4299-A164-55CB14A623E1}.Debug|Any CPU.ActiveCfg = Debug|x86
		{7265EA71-0871-4299-A164-55CB14A623E1}.Debug|Mixed Platforms.ActiveCfg = Debug|x86
		{7265EA71-0871-4299-A164-55CB14A623E1}.Debug|Mixed Platforms.Build.0 = Debug|x86
		{7265EA71-0871-4299-A164-55CB14A623E1}.Debug|x86.ActiveCfg = Debug|x86
		{7265EA71-0871-4299-A164-55CB14A623E1}.Debug|x86.Build.0 = Debug|x86
		{7265EA71-0871-4299-A164-55CB14A623E1}.Release|Any CPU.ActiveCfg = Release|x86
		{7265EA71-0871-4299-A164-55CB14A623E1}.Release|Mixed Platforms.ActiveCfg = Release|x86
		{7265EA71-0871-4299-A164-55CB14A623E1}.Release|Mixed Platforms.Build.0 = Release|x86
		{7265EA71-0871-4299-A164-55CB14A623E1}.Release|x86.ActiveCfg = Release|x86
		{7265EA71-0871-4299-A164-55CB14A623E1}.Release|x86.Build.0 = Release|x86
		{1DA64C9D-368B-41DB-A971-73E28FBE6138}.Debug|Any CPU.ActiveCfg = Debug|x86
		{1DA64C9D-368B-41DB-A971-73E28FBE6138}.Debug|Mixed Platforms.ActiveCfg = Debug|x86
		{1DA64C9D-368B-41DB-A971-73E28FBE6138}.Debug|Mixed Platforms.Build.0 = Debug|x86
		{1DA64C9D-368B-41DB-A971-73E28FBE6138}.Debug|x86.ActiveCfg = Debug|x86
		{1DA64C9D-368B-41DB-A971-73E28FBE6138}.Debug|x86.Build.0 = Debug|x86
		{1DA64C9D-368B-41DB-A971-73E28FBE6138}.Release|Any CPU.ActiveCfg = Release|x86
		{1DA64C9D-368B-41DB-A971-73E28FBE6138}.Release|Mixed Platforms.ActiveCfg = Release|x86
		{1DA64C9D-368B-41DB-A971-73E28FBE6138}.Release|Mixed Platforms.Build.0 = Release|x86
		{1DA64C9D-368B-41DB-A971-73E28FBE6138}.Release|x86.ActiveCfg = Release|x86
		{1DA64C9D-368B-41DB-A971-73E28FBE6138}.Release|x86.Build.0 = Release|x86
	EndGlobalSection
	GlobalSection(SolutionProperties) = preSolution
		HideSolutionNode = FALSE
	EndGlobalSection
EndGlobal
