
Microsoft Visual Studio Solution File, Format Version 11.00
# Visual Studio 2010
Project("{FAE04EC0-301F-11D3-BF4B-00C04F79EFBC}") = "CubicSplineInterpolationAlgorithm", "CubicSplineInterpolationAlgorithm\CubicSplineInterpolationAlgorithm.csproj", "{B75A019E-A5EC-4F29-84B6-BDB0F473D5D3}"
EndProject
Project("{FAE04EC0-301F-11D3-BF4B-00C04F79EFBC}") = "CubicSplineInterpolationAlgorithmAdapter", "CubicSplineInterpolationAlgorithmAdapter\CubicSplineInterpolationAlgorithmAdapter.csproj", "{6247065D-7D5A-4374-A719-AE4016468AE5}"
EndProject
Global
	GlobalSection(SolutionConfigurationPlatforms) = preSolution
		Debug|x86 = Debug|x86
		Release|x86 = Release|x86
	EndGlobalSection
	GlobalSection(ProjectConfigurationPlatforms) = postSolution
		{B75A019E-A5EC-4F29-84B6-BDB0F473D5D3}.Debug|x86.ActiveCfg = Debug|x86
		{B75A019E-A5EC-4F29-84B6-BDB0F473D5D3}.Debug|x86.Build.0 = Debug|x86
		{B75A019E-A5EC-4F29-84B6-BDB0F473D5D3}.Release|x86.ActiveCfg = Release|x86
		{B75A019E-A5EC-4F29-84B6-BDB0F473D5D3}.Release|x86.Build.0 = Release|x86
		{6247065D-7D5A-4374-A719-AE4016468AE5}.Debug|x86.ActiveCfg = Debug|x86
		{6247065D-7D5A-4374-A719-AE4016468AE5}.Debug|x86.Build.0 = Debug|x86
		{6247065D-7D5A-4374-A719-AE4016468AE5}.Release|x86.ActiveCfg = Release|x86
		{6247065D-7D5A-4374-A719-AE4016468AE5}.Release|x86.Build.0 = Release|x86
	EndGlobalSection
	GlobalSection(SolutionProperties) = preSolution
		HideSolutionNode = FALSE
	EndGlobalSection
EndGlobal
