
Microsoft Visual Studio Solution File, Format Version 11.00
# Visual Studio 2010
Project("{FAE04EC0-301F-11D3-BF4B-00C04F79EFBC}") = "PointInConvexPolygonAlgorithm", "PointInConvexPolygonAlgorithm\PointInConvexPolygonAlgorithm.csproj", "{6FEC21DF-3E8D-4AFD-90AB-807F166D7101}"
EndProject
Project("{FAE04EC0-301F-11D3-BF4B-00C04F79EFBC}") = "PointInConvexPolygonAlgorithmAdapter", "PointInConvexPolygonAlgorithmAdapter\PointInConvexPolygonAlgorithmAdapter.csproj", "{C03C191E-1A12-4943-BBBC-8BFA0BDAAA9E}"
EndProject
Project("{2150E333-8FDC-42A3-9474-1A3956D46DE8}") = "Solution Items", "Solution Items", "{B6D42F96-B6A2-4AA0-96D4-D9A4A12088E2}"
	ProjectSection(SolutionItems) = preProject
		Local.testsettings = Local.testsettings
		PointInConvexPolygonAlgorithm.vsmdi = PointInConvexPolygonAlgorithm.vsmdi
		TraceAndTestImpact.testsettings = TraceAndTestImpact.testsettings
	EndProjectSection
EndProject
Global
	GlobalSection(TestCaseManagementSettings) = postSolution
		CategoryFile = PointInConvexPolygonAlgorithm.vsmdi
	EndGlobalSection
	GlobalSection(SolutionConfigurationPlatforms) = preSolution
		Debug|Any CPU = Debug|Any CPU
		Release|Any CPU = Release|Any CPU
	EndGlobalSection
	GlobalSection(ProjectConfigurationPlatforms) = postSolution
		{6FEC21DF-3E8D-4AFD-90AB-807F166D7101}.Debug|Any CPU.ActiveCfg = Debug|Any CPU
		{6FEC21DF-3E8D-4AFD-90AB-807F166D7101}.Debug|Any CPU.Build.0 = Debug|Any CPU
		{6FEC21DF-3E8D-4AFD-90AB-807F166D7101}.Release|Any CPU.ActiveCfg = Release|Any CPU
		{6FEC21DF-3E8D-4AFD-90AB-807F166D7101}.Release|Any CPU.Build.0 = Release|Any CPU
		{C03C191E-1A12-4943-BBBC-8BFA0BDAAA9E}.Debug|Any CPU.ActiveCfg = Debug|Any CPU
		{C03C191E-1A12-4943-BBBC-8BFA0BDAAA9E}.Debug|Any CPU.Build.0 = Debug|Any CPU
		{C03C191E-1A12-4943-BBBC-8BFA0BDAAA9E}.Release|Any CPU.ActiveCfg = Release|Any CPU
		{C03C191E-1A12-4943-BBBC-8BFA0BDAAA9E}.Release|Any CPU.Build.0 = Release|Any CPU
	EndGlobalSection
	GlobalSection(SolutionProperties) = preSolution
		HideSolutionNode = FALSE
	EndGlobalSection
EndGlobal
