
Microsoft Visual Studio Solution File, Format Version 11.00
# Visual Studio 2010
Project("{FAE04EC0-301F-11D3-BF4B-00C04F79EFBC}") = "DelaunayTriangulationAlgorithm", "DelaunayTriangulationAlgorithm\DelaunayTriangulationAlgorithm.csproj", "{969D3E16-AB24-4E41-B460-626469A8E458}"
EndProject
Project("{FAE04EC0-301F-11D3-BF4B-00C04F79EFBC}") = "DelaunayTriangulationAlgorithmAdapter", "DelaunayTriangulationAlgorithmAdapter\DelaunayTriangulationAlgorithmAdapter.csproj", "{CF731BE8-799F-4CA5-AED1-5F6541035BA0}"
EndProject
Global
	GlobalSection(SolutionConfigurationPlatforms) = preSolution
		Debug|Any CPU = Debug|Any CPU
		Release|Any CPU = Release|Any CPU
	EndGlobalSection
	GlobalSection(ProjectConfigurationPlatforms) = postSolution
		{969D3E16-AB24-4E41-B460-626469A8E458}.Debug|Any CPU.ActiveCfg = Debug|Any CPU
		{969D3E16-AB24-4E41-B460-626469A8E458}.Debug|Any CPU.Build.0 = Debug|Any CPU
		{969D3E16-AB24-4E41-B460-626469A8E458}.Release|Any CPU.ActiveCfg = Release|Any CPU
		{969D3E16-AB24-4E41-B460-626469A8E458}.Release|Any CPU.Build.0 = Release|Any CPU
		{CF731BE8-799F-4CA5-AED1-5F6541035BA0}.Debug|Any CPU.ActiveCfg = Debug|Any CPU
		{CF731BE8-799F-4CA5-AED1-5F6541035BA0}.Debug|Any CPU.Build.0 = Debug|Any CPU
		{CF731BE8-799F-4CA5-AED1-5F6541035BA0}.Release|Any CPU.ActiveCfg = Release|Any CPU
		{CF731BE8-799F-4CA5-AED1-5F6541035BA0}.Release|Any CPU.Build.0 = Release|Any CPU
	EndGlobalSection
	GlobalSection(SolutionProperties) = preSolution
		HideSolutionNode = FALSE
	EndGlobalSection
EndGlobal
