
Microsoft Visual Studio Solution File, Format Version 11.00
# Visual Studio 2010
Project("{FAE04EC0-301F-11D3-BF4B-00C04F79EFBC}") = "SegmentIntersectionAlgorithm", "SegmentIntersectionAlgorithm\SegmentIntersectionAlgorithm.csproj", "{A8EC558F-33FB-47F3-85AF-6F9B588A31F6}"
EndProject
Project("{FAE04EC0-301F-11D3-BF4B-00C04F79EFBC}") = "SegmentIntersectionAlgorithmAdapter", "SegmentIntersectionAlgorithmAdapter\SegmentIntersectionAlgorithmAdapter.csproj", "{C5479841-AB43-40B5-AA61-A83159242507}"
EndProject
Global
	GlobalSection(SolutionConfigurationPlatforms) = preSolution
		Debug|Any CPU = Debug|Any CPU
		Release|Any CPU = Release|Any CPU
	EndGlobalSection
	GlobalSection(ProjectConfigurationPlatforms) = postSolution
		{A8EC558F-33FB-47F3-85AF-6F9B588A31F6}.Debug|Any CPU.ActiveCfg = Debug|Any CPU
		{A8EC558F-33FB-47F3-85AF-6F9B588A31F6}.Debug|Any CPU.Build.0 = Debug|Any CPU
		{A8EC558F-33FB-47F3-85AF-6F9B588A31F6}.Release|Any CPU.ActiveCfg = Release|Any CPU
		{A8EC558F-33FB-47F3-85AF-6F9B588A31F6}.Release|Any CPU.Build.0 = Release|Any CPU
		{C5479841-AB43-40B5-AA61-A83159242507}.Debug|Any CPU.ActiveCfg = Debug|Any CPU
		{C5479841-AB43-40B5-AA61-A83159242507}.Debug|Any CPU.Build.0 = Debug|Any CPU
		{C5479841-AB43-40B5-AA61-A83159242507}.Release|Any CPU.ActiveCfg = Release|Any CPU
		{C5479841-AB43-40B5-AA61-A83159242507}.Release|Any CPU.Build.0 = Release|Any CPU
	EndGlobalSection
	GlobalSection(SolutionProperties) = preSolution
		HideSolutionNode = FALSE
	EndGlobalSection
EndGlobal
